
Microsoft Visual Studio Solution File, Format Version 12.00
# Visual Studio Version 17
VisualStudioVersion = 17.4.33403.182
MinimumVisualStudioVersion = 10.0.40219.1
Project("{9A19103F-16F7-4668-BE54-9A1E7A4F7556}") = "IssueWebApp", "IssueWebApp.csproj", "{20B1D00E-68B2-463B-8935-4D077230EBA0}"
EndProject
Project("{FAE04EC0-301F-11D3-BF4B-00C04F79EFBC}") = "IssueWebApp.UnitTests", "..\IssueWebApp.UnitTests\IssueWebApp.UnitTests.csproj", "{41675EFA-215D-403C-8214-73E8F367F4A0}"
EndProject
Global
	GlobalSection(SolutionConfigurationPlatforms) = preSolution
		Debug|Any CPU = Debug|Any CPU
		Release|Any CPU = Release|Any CPU
	EndGlobalSection
	GlobalSection(ProjectConfigurationPlatforms) = postSolution
		{20B1D00E-68B2-463B-8935-4D077230EBA0}.Debug|Any CPU.ActiveCfg = Debug|Any CPU
		{20B1D00E-68B2-463B-8935-4D077230EBA0}.Debug|Any CPU.Build.0 = Debug|Any CPU
		{20B1D00E-68B2-463B-8935-4D077230EBA0}.Release|Any CPU.ActiveCfg = Release|Any CPU
		{20B1D00E-68B2-463B-8935-4D077230EBA0}.Release|Any CPU.Build.0 = Release|Any CPU
		{41675EFA-215D-403C-8214-73E8F367F4A0}.Debug|Any CPU.ActiveCfg = Debug|Any CPU
		{41675EFA-215D-403C-8214-73E8F367F4A0}.Debug|Any CPU.Build.0 = Debug|Any CPU
		{41675EFA-215D-403C-8214-73E8F367F4A0}.Release|Any CPU.ActiveCfg = Release|Any CPU
		{41675EFA-215D-403C-8214-73E8F367F4A0}.Release|Any CPU.Build.0 = Release|Any CPU
	EndGlobalSection
	GlobalSection(SolutionProperties) = preSolution
		HideSolutionNode = FALSE
	EndGlobalSection
	GlobalSection(ExtensibilityGlobals) = postSolution
		SolutionGuid = {ECBF4891-CE13-4785-8940-13CB3BA8F7B3}
	EndGlobalSection
EndGlobal
